
Microsoft Visual Studio Solution File, Format Version 12.00
# Visual Studio Version 16
VisualStudioVersion = 16.0.29503.13
MinimumVisualStudioVersion = 10.0.40219.1
Project("{9A19103F-16F7-4668-BE54-9A1E7A4F7556}") = "RVis.Base", "RVis.Base\RVis.Base.csproj", "{75DF8B2F-D179-436D-8107-BE640F3C3531}"
EndProject
Project("{9A19103F-16F7-4668-BE54-9A1E7A4F7556}") = "RVis.Data", "RVis.Data\RVis.Data.csproj", "{4DEE84DC-AB9E-4AE7-9021-2C0FAB41964D}"
EndProject
Project("{9A19103F-16F7-4668-BE54-9A1E7A4F7556}") = "RVis.Model", "RVis.Model\RVis.Model.csproj", "{3EDAA788-C299-4133-B59A-D9F3F13FA978}"
EndProject
Project("{2150E333-8FDC-42A3-9474-1A3956D46DE8}") = "UI", "UI", "{0D786350-D0C4-4F5A-ABC2-F6297B25E1F7}"
EndProject
Project("{9A19103F-16F7-4668-BE54-9A1E7A4F7556}") = "RVisUI.Model", "UI\RVisUI.Model\RVisUI.Model.csproj", "{3B88F57E-4C6D-49E4-8D8E-71BC81EA95DA}"
EndProject
Project("{9A19103F-16F7-4668-BE54-9A1E7A4F7556}") = "RVisUI.Mvvm", "UI\RVisUI.Mvvm\RVisUI.Mvvm.csproj", "{238E1DCB-2AA1-4233-8B90-53E43F6B6C27}"
EndProject
Project("{9A19103F-16F7-4668-BE54-9A1E7A4F7556}") = "RVisUI.Ioc", "UI\RVisUI.Ioc\RVisUI.Ioc.csproj", "{E10A54A2-08D1-435A-9B2E-F828A6A55662}"
EndProject
Project("{9A19103F-16F7-4668-BE54-9A1E7A4F7556}") = "RVisUI", "UI\RVisUI\RVisUI.csproj", "{D4C8E902-3493-4D47-B2AE-26A6911F9517}"
	ProjectSection(ProjectDependencies) = postProject
		{09AFDA37-D901-47B2-A19F-C8BF894E1338} = {09AFDA37-D901-47B2-A19F-C8BF894E1338}
		{1A879972-B889-4F64-A88E-EF14C1B63DDC} = {1A879972-B889-4F64-A88E-EF14C1B63DDC}
		{AB936B83-5699-4412-830C-8353C691F3C0} = {AB936B83-5699-4412-830C-8353C691F3C0}
		{8CCB549C-60EB-422A-ABD8-0A37B3072EEB} = {8CCB549C-60EB-422A-ABD8-0A37B3072EEB}
		{0D0B90E8-9F63-4FE7-A3BD-14D2C868DB7B} = {0D0B90E8-9F63-4FE7-A3BD-14D2C868DB7B}
	EndProjectSection
EndProject
Project("{2150E333-8FDC-42A3-9474-1A3956D46DE8}") = "Module", "Module", "{00539EEB-CACE-4335-A0BA-7EED6EC088B6}"
EndProject
Project("{9A19103F-16F7-4668-BE54-9A1E7A4F7556}") = "RVisUI.Wpf", "UI\RVisUI.WPF\RVisUI.Wpf.csproj", "{306C45CD-7A5F-4EBD-BE4B-8BE5DEDDAEA5}"
EndProject
Project("{2150E333-8FDC-42A3-9474-1A3956D46DE8}") = "Test", "Test", "{0FC737B6-E3F2-42C7-9011-9EA9680E5061}"
EndProject
Project("{9A19103F-16F7-4668-BE54-9A1E7A4F7556}") = "RVis.Base.Test", "Test\RVis.Base.Test\RVis.Base.Test.csproj", "{B5DCF730-7238-4841-8BF1-1E24CB226728}"
EndProject
Project("{9A19103F-16F7-4668-BE54-9A1E7A4F7556}") = "RVis.Data.Test", "Test\RVis.Data.Test\RVis.Data.Test.csproj", "{123ACA74-C087-4806-8E69-0F867B7FDD75}"
EndProject
Project("{9A19103F-16F7-4668-BE54-9A1E7A4F7556}") = "RVis.Client.Test", "Test\RVis.Client.Test\RVis.Client.Test.csproj", "{321F566B-48CF-4745-9ECF-0262397B8EC5}"
EndProject
Project("{D954291E-2A0B-460D-934E-DC6B0785DB48}") = "Test.Shared", "Test\Test.Shared\Test.Shared.shproj", "{C1042840-8833-473B-A4FD-162A68B04D74}"
EndProject
Project("{9A19103F-16F7-4668-BE54-9A1E7A4F7556}") = "RVisUI.AppInf", "UI\RVisUI.AppInf\RVisUI.AppInf.csproj", "{11039298-B9BF-4B94-86BB-C6AA6AC8469F}"
EndProject
Project("{2150E333-8FDC-42A3-9474-1A3956D46DE8}") = "Solution Items", "Solution Items", "{6F7F861D-5083-436D-A074-00D130A2B63A}"
	ProjectSection(SolutionItems) = preProject
		.editorconfig = .editorconfig
		azure-pipelines.yml = azure-pipelines.yml
		clean.bat = clean.bat
		clean_x64.bat = clean_x64.bat
		Directory.Build.props = Directory.Build.props
		NuGet.config = NuGet.config
		prepare_archive.bat = prepare_archive.bat
		prepare_release.bat = prepare_release.bat
		README.md = README.md
		release_notes.md = release_notes.md
		SetAppVerVariables.ps1 = SetAppVerVariables.ps1
	EndProjectSection
EndProject
Project("{9A19103F-16F7-4668-BE54-9A1E7A4F7556}") = "RVisUI.Model.Test", "Test\RVisUI.Model.Test\RVisUI.Model.Test.csproj", "{1E9E18D7-FF2B-4BF1-A0CF-45E6A655054E}"
EndProject
Project("{9A19103F-16F7-4668-BE54-9A1E7A4F7556}") = "RVis.Model.Test", "Test\RVis.Model.Test\RVis.Model.Test.csproj", "{A67C29C1-FE18-42BD-94C2-A09420FEE84D}"
EndProject
Project("{2150E333-8FDC-42A3-9474-1A3956D46DE8}") = "R", "R", "{03541AB9-1218-41A8-B7F6-DC40984DFA7C}"
EndProject
Project("{9A19103F-16F7-4668-BE54-9A1E7A4F7556}") = "RVis.ROps", "R\RVis.ROps\RVis.ROps.csproj", "{B0AB720E-081D-4F60-9543-336B6246AB43}"
EndProject
Project("{9A19103F-16F7-4668-BE54-9A1E7A4F7556}") = "RVis.ROps.Test", "Test\RVis.ROps.Test\RVis.ROps.Test.csproj", "{2C6F4169-0E8E-4CDF-AEB7-3A0A1C0EC0EE}"
EndProject
Project("{9A19103F-16F7-4668-BE54-9A1E7A4F7556}") = "RVis.Server", "R\RVis.Server\RVis.Server.csproj", "{307BE989-C789-403D-A7E5-FBAB3198DE4F}"
EndProject
Project("{9A19103F-16F7-4668-BE54-9A1E7A4F7556}") = "RVis.Client", "R\RVis.Client\RVis.Client.csproj", "{02F972CC-379A-42D1-9768-F41C7F67D67E}"
EndProject
Project("{9A19103F-16F7-4668-BE54-9A1E7A4F7556}") = "Plot", "UI\Module\Plot\Plot.csproj", "{1A879972-B889-4F64-A88E-EF14C1B63DDC}"
EndProject
Project("{9A19103F-16F7-4668-BE54-9A1E7A4F7556}") = "Evidence", "UI\Module\Evidence\Evidence.csproj", "{8CCB549C-60EB-422A-ABD8-0A37B3072EEB}"
EndProject
Project("{9A19103F-16F7-4668-BE54-9A1E7A4F7556}") = "Sensitivity", "UI\Module\Sensitivity\Sensitivity.csproj", "{09AFDA37-D901-47B2-A19F-C8BF894E1338}"
EndProject
Project("{9A19103F-16F7-4668-BE54-9A1E7A4F7556}") = "Estimation", "UI\Module\Estimation\Estimation.csproj", "{AB936B83-5699-4412-830C-8353C691F3C0}"
EndProject
Project("{9A19103F-16F7-4668-BE54-9A1E7A4F7556}") = "Estimation.Test", "Test\Estimation.Test\Estimation.Test.csproj", "{552CCDB7-BA4A-44AB-ADCD-A96951B5767A}"
EndProject
Project("{9A19103F-16F7-4668-BE54-9A1E7A4F7556}") = "Sampling", "UI\Module\Sampling\Sampling.csproj", "{0D0B90E8-9F63-4FE7-A3BD-14D2C868DB7B}"
EndProject
Project("{9A19103F-16F7-4668-BE54-9A1E7A4F7556}") = "Sampling.Test", "Test\Sampling.Test\Sampling.Test.csproj", "{CA073BA6-2F99-4C7E-82A8-5A52D274BDF3}"
EndProject
Project("{2150E333-8FDC-42A3-9474-1A3956D46DE8}") = "MCSim", "MCSim", "{D6B6BBE3-22DF-40F2-80E8-F81E5BC7A454}"
	ProjectSection(SolutionItems) = preProject
		MCSim\in2rvis.ps1 = MCSim\in2rvis.ps1
	EndProjectSection
EndProject
Global
	GlobalSection(SharedMSBuildProjectFiles) = preSolution
		Test\Test.Shared\Test.Shared.projitems*{2c6f4169-0e8e-4cdf-aeb7-3a0a1c0ec0ee}*SharedItemsImports = 5
		Test\Test.Shared\Test.Shared.projitems*{a67c29c1-fe18-42bd-94c2-a09420fee84d}*SharedItemsImports = 5
		Test\Test.Shared\Test.Shared.projitems*{c1042840-8833-473b-a4fd-162a68b04d74}*SharedItemsImports = 13
	EndGlobalSection
	GlobalSection(SolutionConfigurationPlatforms) = preSolution
		Debug|Any CPU = Debug|Any CPU
		Debug|x64 = Debug|x64
		Release|Any CPU = Release|Any CPU
		Release|x64 = Release|x64
	EndGlobalSection
	GlobalSection(ProjectConfigurationPlatforms) = postSolution
		{75DF8B2F-D179-436D-8107-BE640F3C3531}.Debug|Any CPU.ActiveCfg = Debug|Any CPU
		{75DF8B2F-D179-436D-8107-BE640F3C3531}.Debug|Any CPU.Build.0 = Debug|Any CPU
		{75DF8B2F-D179-436D-8107-BE640F3C3531}.Debug|x64.ActiveCfg = Debug|x64
		{75DF8B2F-D179-436D-8107-BE640F3C3531}.Debug|x64.Build.0 = Debug|x64
		{75DF8B2F-D179-436D-8107-BE640F3C3531}.Release|Any CPU.ActiveCfg = Release|Any CPU
		{75DF8B2F-D179-436D-8107-BE640F3C3531}.Release|Any CPU.Build.0 = Release|Any CPU
		{75DF8B2F-D179-436D-8107-BE640F3C3531}.Release|x64.ActiveCfg = Release|x64
		{75DF8B2F-D179-436D-8107-BE640F3C3531}.Release|x64.Build.0 = Release|x64
		{4DEE84DC-AB9E-4AE7-9021-2C0FAB41964D}.Debug|Any CPU.ActiveCfg = Debug|Any CPU
		{4DEE84DC-AB9E-4AE7-9021-2C0FAB41964D}.Debug|Any CPU.Build.0 = Debug|Any CPU
		{4DEE84DC-AB9E-4AE7-9021-2C0FAB41964D}.Debug|x64.ActiveCfg = Debug|x64
		{4DEE84DC-AB9E-4AE7-9021-2C0FAB41964D}.Debug|x64.Build.0 = Debug|x64
		{4DEE84DC-AB9E-4AE7-9021-2C0FAB41964D}.Release|Any CPU.ActiveCfg = Release|Any CPU
		{4DEE84DC-AB9E-4AE7-9021-2C0FAB41964D}.Release|Any CPU.Build.0 = Release|Any CPU
		{4DEE84DC-AB9E-4AE7-9021-2C0FAB41964D}.Release|x64.ActiveCfg = Release|x64
		{4DEE84DC-AB9E-4AE7-9021-2C0FAB41964D}.Release|x64.Build.0 = Release|x64
		{3EDAA788-C299-4133-B59A-D9F3F13FA978}.Debug|Any CPU.ActiveCfg = Debug|Any CPU
		{3EDAA788-C299-4133-B59A-D9F3F13FA978}.Debug|Any CPU.Build.0 = Debug|Any CPU
		{3EDAA788-C299-4133-B59A-D9F3F13FA978}.Debug|x64.ActiveCfg = Debug|x64
		{3EDAA788-C299-4133-B59A-D9F3F13FA978}.Debug|x64.Build.0 = Debug|x64
		{3EDAA788-C299-4133-B59A-D9F3F13FA978}.Release|Any CPU.ActiveCfg = Release|Any CPU
		{3EDAA788-C299-4133-B59A-D9F3F13FA978}.Release|Any CPU.Build.0 = Release|Any CPU
		{3EDAA788-C299-4133-B59A-D9F3F13FA978}.Release|x64.ActiveCfg = Release|x64
		{3EDAA788-C299-4133-B59A-D9F3F13FA978}.Release|x64.Build.0 = Release|x64
		{3B88F57E-4C6D-49E4-8D8E-71BC81EA95DA}.Debug|Any CPU.ActiveCfg = Debug|Any CPU
		{3B88F57E-4C6D-49E4-8D8E-71BC81EA95DA}.Debug|Any CPU.Build.0 = Debug|Any CPU
		{3B88F57E-4C6D-49E4-8D8E-71BC81EA95DA}.Debug|x64.ActiveCfg = Debug|x64
		{3B88F57E-4C6D-49E4-8D8E-71BC81EA95DA}.Debug|x64.Build.0 = Debug|x64
		{3B88F57E-4C6D-49E4-8D8E-71BC81EA95DA}.Release|Any CPU.ActiveCfg = Release|Any CPU
		{3B88F57E-4C6D-49E4-8D8E-71BC81EA95DA}.Release|Any CPU.Build.0 = Release|Any CPU
		{3B88F57E-4C6D-49E4-8D8E-71BC81EA95DA}.Release|x64.ActiveCfg = Release|x64
		{3B88F57E-4C6D-49E4-8D8E-71BC81EA95DA}.Release|x64.Build.0 = Release|x64
		{238E1DCB-2AA1-4233-8B90-53E43F6B6C27}.Debug|Any CPU.ActiveCfg = Debug|Any CPU
		{238E1DCB-2AA1-4233-8B90-53E43F6B6C27}.Debug|Any CPU.Build.0 = Debug|Any CPU
		{238E1DCB-2AA1-4233-8B90-53E43F6B6C27}.Debug|x64.ActiveCfg = Debug|x64
		{238E1DCB-2AA1-4233-8B90-53E43F6B6C27}.Debug|x64.Build.0 = Debug|x64
		{238E1DCB-2AA1-4233-8B90-53E43F6B6C27}.Release|Any CPU.ActiveCfg = Release|Any CPU
		{238E1DCB-2AA1-4233-8B90-53E43F6B6C27}.Release|Any CPU.Build.0 = Release|Any CPU
		{238E1DCB-2AA1-4233-8B90-53E43F6B6C27}.Release|x64.ActiveCfg = Release|x64
		{238E1DCB-2AA1-4233-8B90-53E43F6B6C27}.Release|x64.Build.0 = Release|x64
		{E10A54A2-08D1-435A-9B2E-F828A6A55662}.Debug|Any CPU.ActiveCfg = Debug|Any CPU
		{E10A54A2-08D1-435A-9B2E-F828A6A55662}.Debug|Any CPU.Build.0 = Debug|Any CPU
		{E10A54A2-08D1-435A-9B2E-F828A6A55662}.Debug|x64.ActiveCfg = Debug|x64
		{E10A54A2-08D1-435A-9B2E-F828A6A55662}.Debug|x64.Build.0 = Debug|x64
		{E10A54A2-08D1-435A-9B2E-F828A6A55662}.Release|Any CPU.ActiveCfg = Release|Any CPU
		{E10A54A2-08D1-435A-9B2E-F828A6A55662}.Release|Any CPU.Build.0 = Release|Any CPU
		{E10A54A2-08D1-435A-9B2E-F828A6A55662}.Release|x64.ActiveCfg = Release|x64
		{E10A54A2-08D1-435A-9B2E-F828A6A55662}.Release|x64.Build.0 = Release|x64
		{D4C8E902-3493-4D47-B2AE-26A6911F9517}.Debug|Any CPU.ActiveCfg = Debug|Any CPU
		{D4C8E902-3493-4D47-B2AE-26A6911F9517}.Debug|Any CPU.Build.0 = Debug|Any CPU
		{D4C8E902-3493-4D47-B2AE-26A6911F9517}.Debug|x64.ActiveCfg = Debug|x64
		{D4C8E902-3493-4D47-B2AE-26A6911F9517}.Debug|x64.Build.0 = Debug|x64
		{D4C8E902-3493-4D47-B2AE-26A6911F9517}.Release|Any CPU.ActiveCfg = Release|Any CPU
		{D4C8E902-3493-4D47-B2AE-26A6911F9517}.Release|Any CPU.Build.0 = Release|Any CPU
		{D4C8E902-3493-4D47-B2AE-26A6911F9517}.Release|x64.ActiveCfg = Release|x64
		{D4C8E902-3493-4D47-B2AE-26A6911F9517}.Release|x64.Build.0 = Release|x64
		{306C45CD-7A5F-4EBD-BE4B-8BE5DEDDAEA5}.Debug|Any CPU.ActiveCfg = Debug|Any CPU
		{306C45CD-7A5F-4EBD-BE4B-8BE5DEDDAEA5}.Debug|Any CPU.Build.0 = Debug|Any CPU
		{306C45CD-7A5F-4EBD-BE4B-8BE5DEDDAEA5}.Debug|x64.ActiveCfg = Debug|x64
		{306C45CD-7A5F-4EBD-BE4B-8BE5DEDDAEA5}.Debug|x64.Build.0 = Debug|x64
		{306C45CD-7A5F-4EBD-BE4B-8BE5DEDDAEA5}.Release|Any CPU.ActiveCfg = Release|Any CPU
		{306C45CD-7A5F-4EBD-BE4B-8BE5DEDDAEA5}.Release|Any CPU.Build.0 = Release|Any CPU
		{306C45CD-7A5F-4EBD-BE4B-8BE5DEDDAEA5}.Release|x64.ActiveCfg = Release|x64
		{306C45CD-7A5F-4EBD-BE4B-8BE5DEDDAEA5}.Release|x64.Build.0 = Release|x64
		{B5DCF730-7238-4841-8BF1-1E24CB226728}.Debug|Any CPU.ActiveCfg = Debug|Any CPU
		{B5DCF730-7238-4841-8BF1-1E24CB226728}.Debug|Any CPU.Build.0 = Debug|Any CPU
		{B5DCF730-7238-4841-8BF1-1E24CB226728}.Debug|x64.ActiveCfg = Debug|x64
		{B5DCF730-7238-4841-8BF1-1E24CB226728}.Debug|x64.Build.0 = Debug|x64
		{B5DCF730-7238-4841-8BF1-1E24CB226728}.Release|Any CPU.ActiveCfg = Release|Any CPU
		{B5DCF730-7238-4841-8BF1-1E24CB226728}.Release|Any CPU.Build.0 = Release|Any CPU
		{B5DCF730-7238-4841-8BF1-1E24CB226728}.Release|x64.ActiveCfg = Release|x64
		{B5DCF730-7238-4841-8BF1-1E24CB226728}.Release|x64.Build.0 = Release|x64
		{123ACA74-C087-4806-8E69-0F867B7FDD75}.Debug|Any CPU.ActiveCfg = Debug|Any CPU
		{123ACA74-C087-4806-8E69-0F867B7FDD75}.Debug|Any CPU.Build.0 = Debug|Any CPU
		{123ACA74-C087-4806-8E69-0F867B7FDD75}.Debug|x64.ActiveCfg = Debug|x64
		{123ACA74-C087-4806-8E69-0F867B7FDD75}.Debug|x64.Build.0 = Debug|x64
		{123ACA74-C087-4806-8E69-0F867B7FDD75}.Release|Any CPU.ActiveCfg = Release|Any CPU
		{123ACA74-C087-4806-8E69-0F867B7FDD75}.Release|Any CPU.Build.0 = Release|Any CPU
		{123ACA74-C087-4806-8E69-0F867B7FDD75}.Release|x64.ActiveCfg = Release|x64
		{123ACA74-C087-4806-8E69-0F867B7FDD75}.Release|x64.Build.0 = Release|x64
		{321F566B-48CF-4745-9ECF-0262397B8EC5}.Debug|Any CPU.ActiveCfg = Debug|Any CPU
		{321F566B-48CF-4745-9ECF-0262397B8EC5}.Debug|Any CPU.Build.0 = Debug|Any CPU
		{321F566B-48CF-4745-9ECF-0262397B8EC5}.Debug|x64.ActiveCfg = Debug|x64
		{321F566B-48CF-4745-9ECF-0262397B8EC5}.Debug|x64.Build.0 = Debug|x64
		{321F566B-48CF-4745-9ECF-0262397B8EC5}.Release|Any CPU.ActiveCfg = Release|Any CPU
		{321F566B-48CF-4745-9ECF-0262397B8EC5}.Release|Any CPU.Build.0 = Release|Any CPU
		{321F566B-48CF-4745-9ECF-0262397B8EC5}.Release|x64.ActiveCfg = Release|x64
		{321F566B-48CF-4745-9ECF-0262397B8EC5}.Release|x64.Build.0 = Release|x64
		{11039298-B9BF-4B94-86BB-C6AA6AC8469F}.Debug|Any CPU.ActiveCfg = Debug|Any CPU
		{11039298-B9BF-4B94-86BB-C6AA6AC8469F}.Debug|Any CPU.Build.0 = Debug|Any CPU
		{11039298-B9BF-4B94-86BB-C6AA6AC8469F}.Debug|x64.ActiveCfg = Debug|x64
		{11039298-B9BF-4B94-86BB-C6AA6AC8469F}.Debug|x64.Build.0 = Debug|x64
		{11039298-B9BF-4B94-86BB-C6AA6AC8469F}.Release|Any CPU.ActiveCfg = Release|Any CPU
		{11039298-B9BF-4B94-86BB-C6AA6AC8469F}.Release|Any CPU.Build.0 = Release|Any CPU
		{11039298-B9BF-4B94-86BB-C6AA6AC8469F}.Release|x64.ActiveCfg = Release|x64
		{11039298-B9BF-4B94-86BB-C6AA6AC8469F}.Release|x64.Build.0 = Release|x64
		{1E9E18D7-FF2B-4BF1-A0CF-45E6A655054E}.Debug|Any CPU.ActiveCfg = Debug|Any CPU
		{1E9E18D7-FF2B-4BF1-A0CF-45E6A655054E}.Debug|Any CPU.Build.0 = Debug|Any CPU
		{1E9E18D7-FF2B-4BF1-A0CF-45E6A655054E}.Debug|x64.ActiveCfg = Debug|x64
		{1E9E18D7-FF2B-4BF1-A0CF-45E6A655054E}.Debug|x64.Build.0 = Debug|x64
		{1E9E18D7-FF2B-4BF1-A0CF-45E6A655054E}.Release|Any CPU.ActiveCfg = Release|Any CPU
		{1E9E18D7-FF2B-4BF1-A0CF-45E6A655054E}.Release|Any CPU.Build.0 = Release|Any CPU
		{1E9E18D7-FF2B-4BF1-A0CF-45E6A655054E}.Release|x64.ActiveCfg = Release|x64
		{1E9E18D7-FF2B-4BF1-A0CF-45E6A655054E}.Release|x64.Build.0 = Release|x64
		{A67C29C1-FE18-42BD-94C2-A09420FEE84D}.Debug|Any CPU.ActiveCfg = Debug|Any CPU
		{A67C29C1-FE18-42BD-94C2-A09420FEE84D}.Debug|Any CPU.Build.0 = Debug|Any CPU
		{A67C29C1-FE18-42BD-94C2-A09420FEE84D}.Debug|x64.ActiveCfg = Debug|x64
		{A67C29C1-FE18-42BD-94C2-A09420FEE84D}.Debug|x64.Build.0 = Debug|x64
		{A67C29C1-FE18-42BD-94C2-A09420FEE84D}.Release|Any CPU.ActiveCfg = Release|Any CPU
		{A67C29C1-FE18-42BD-94C2-A09420FEE84D}.Release|Any CPU.Build.0 = Release|Any CPU
		{A67C29C1-FE18-42BD-94C2-A09420FEE84D}.Release|x64.ActiveCfg = Release|x64
		{A67C29C1-FE18-42BD-94C2-A09420FEE84D}.Release|x64.Build.0 = Release|x64
		{B0AB720E-081D-4F60-9543-336B6246AB43}.Debug|Any CPU.ActiveCfg = Debug|Any CPU
		{B0AB720E-081D-4F60-9543-336B6246AB43}.Debug|Any CPU.Build.0 = Debug|Any CPU
		{B0AB720E-081D-4F60-9543-336B6246AB43}.Debug|x64.ActiveCfg = Debug|x64
		{B0AB720E-081D-4F60-9543-336B6246AB43}.Debug|x64.Build.0 = Debug|x64
		{B0AB720E-081D-4F60-9543-336B6246AB43}.Release|Any CPU.ActiveCfg = Release|Any CPU
		{B0AB720E-081D-4F60-9543-336B6246AB43}.Release|Any CPU.Build.0 = Release|Any CPU
		{B0AB720E-081D-4F60-9543-336B6246AB43}.Release|x64.ActiveCfg = Release|x64
		{B0AB720E-081D-4F60-9543-336B6246AB43}.Release|x64.Build.0 = Release|x64
		{2C6F4169-0E8E-4CDF-AEB7-3A0A1C0EC0EE}.Debug|Any CPU.ActiveCfg = Debug|Any CPU
		{2C6F4169-0E8E-4CDF-AEB7-3A0A1C0EC0EE}.Debug|Any CPU.Build.0 = Debug|Any CPU
		{2C6F4169-0E8E-4CDF-AEB7-3A0A1C0EC0EE}.Debug|x64.ActiveCfg = Debug|x64
		{2C6F4169-0E8E-4CDF-AEB7-3A0A1C0EC0EE}.Debug|x64.Build.0 = Debug|x64
		{2C6F4169-0E8E-4CDF-AEB7-3A0A1C0EC0EE}.Release|Any CPU.ActiveCfg = Release|Any CPU
		{2C6F4169-0E8E-4CDF-AEB7-3A0A1C0EC0EE}.Release|Any CPU.Build.0 = Release|Any CPU
		{2C6F4169-0E8E-4CDF-AEB7-3A0A1C0EC0EE}.Release|x64.ActiveCfg = Release|x64
		{2C6F4169-0E8E-4CDF-AEB7-3A0A1C0EC0EE}.Release|x64.Build.0 = Release|x64
		{307BE989-C789-403D-A7E5-FBAB3198DE4F}.Debug|Any CPU.ActiveCfg = Debug|Any CPU
		{307BE989-C789-403D-A7E5-FBAB3198DE4F}.Debug|Any CPU.Build.0 = Debug|Any CPU
		{307BE989-C789-403D-A7E5-FBAB3198DE4F}.Debug|x64.ActiveCfg = Debug|x64
		{307BE989-C789-403D-A7E5-FBAB3198DE4F}.Debug|x64.Build.0 = Debug|x64
		{307BE989-C789-403D-A7E5-FBAB3198DE4F}.Release|Any CPU.ActiveCfg = Release|Any CPU
		{307BE989-C789-403D-A7E5-FBAB3198DE4F}.Release|Any CPU.Build.0 = Release|Any CPU
		{307BE989-C789-403D-A7E5-FBAB3198DE4F}.Release|x64.ActiveCfg = Release|x64
		{307BE989-C789-403D-A7E5-FBAB3198DE4F}.Release|x64.Build.0 = Release|x64
		{02F972CC-379A-42D1-9768-F41C7F67D67E}.Debug|Any CPU.ActiveCfg = Debug|Any CPU
		{02F972CC-379A-42D1-9768-F41C7F67D67E}.Debug|Any CPU.Build.0 = Debug|Any CPU
		{02F972CC-379A-42D1-9768-F41C7F67D67E}.Debug|x64.ActiveCfg = Debug|x64
		{02F972CC-379A-42D1-9768-F41C7F67D67E}.Debug|x64.Build.0 = Debug|x64
		{02F972CC-379A-42D1-9768-F41C7F67D67E}.Release|Any CPU.ActiveCfg = Release|Any CPU
		{02F972CC-379A-42D1-9768-F41C7F67D67E}.Release|Any CPU.Build.0 = Release|Any CPU
		{02F972CC-379A-42D1-9768-F41C7F67D67E}.Release|x64.ActiveCfg = Release|x64
		{02F972CC-379A-42D1-9768-F41C7F67D67E}.Release|x64.Build.0 = Release|x64
		{1A879972-B889-4F64-A88E-EF14C1B63DDC}.Debug|Any CPU.ActiveCfg = Debug|Any CPU
		{1A879972-B889-4F64-A88E-EF14C1B63DDC}.Debug|Any CPU.Build.0 = Debug|Any CPU
		{1A879972-B889-4F64-A88E-EF14C1B63DDC}.Debug|x64.ActiveCfg = Debug|x64
		{1A879972-B889-4F64-A88E-EF14C1B63DDC}.Debug|x64.Build.0 = Debug|x64
		{1A879972-B889-4F64-A88E-EF14C1B63DDC}.Release|Any CPU.ActiveCfg = Release|Any CPU
		{1A879972-B889-4F64-A88E-EF14C1B63DDC}.Release|Any CPU.Build.0 = Release|Any CPU
		{1A879972-B889-4F64-A88E-EF14C1B63DDC}.Release|x64.ActiveCfg = Release|x64
		{1A879972-B889-4F64-A88E-EF14C1B63DDC}.Release|x64.Build.0 = Release|x64
		{8CCB549C-60EB-422A-ABD8-0A37B3072EEB}.Debug|Any CPU.ActiveCfg = Debug|Any CPU
		{8CCB549C-60EB-422A-ABD8-0A37B3072EEB}.Debug|Any CPU.Build.0 = Debug|Any CPU
		{8CCB549C-60EB-422A-ABD8-0A37B3072EEB}.Debug|x64.ActiveCfg = Debug|x64
		{8CCB549C-60EB-422A-ABD8-0A37B3072EEB}.Debug|x64.Build.0 = Debug|x64
		{8CCB549C-60EB-422A-ABD8-0A37B3072EEB}.Release|Any CPU.ActiveCfg = Release|Any CPU
		{8CCB549C-60EB-422A-ABD8-0A37B3072EEB}.Release|Any CPU.Build.0 = Release|Any CPU
		{8CCB549C-60EB-422A-ABD8-0A37B3072EEB}.Release|x64.ActiveCfg = Release|x64
		{8CCB549C-60EB-422A-ABD8-0A37B3072EEB}.Release|x64.Build.0 = Release|x64
		{09AFDA37-D901-47B2-A19F-C8BF894E1338}.Debug|Any CPU.ActiveCfg = Debug|Any CPU
		{09AFDA37-D901-47B2-A19F-C8BF894E1338}.Debug|Any CPU.Build.0 = Debug|Any CPU
		{09AFDA37-D901-47B2-A19F-C8BF894E1338}.Debug|x64.ActiveCfg = Debug|x64
		{09AFDA37-D901-47B2-A19F-C8BF894E1338}.Debug|x64.Build.0 = Debug|x64
		{09AFDA37-D901-47B2-A19F-C8BF894E1338}.Release|Any CPU.ActiveCfg = Release|Any CPU
		{09AFDA37-D901-47B2-A19F-C8BF894E1338}.Release|Any CPU.Build.0 = Release|Any CPU
		{09AFDA37-D901-47B2-A19F-C8BF894E1338}.Release|x64.ActiveCfg = Release|x64
		{09AFDA37-D901-47B2-A19F-C8BF894E1338}.Release|x64.Build.0 = Release|x64
		{AB936B83-5699-4412-830C-8353C691F3C0}.Debug|Any CPU.ActiveCfg = Debug|Any CPU
		{AB936B83-5699-4412-830C-8353C691F3C0}.Debug|Any CPU.Build.0 = Debug|Any CPU
		{AB936B83-5699-4412-830C-8353C691F3C0}.Debug|x64.ActiveCfg = Debug|x64
		{AB936B83-5699-4412-830C-8353C691F3C0}.Debug|x64.Build.0 = Debug|x64
		{AB936B83-5699-4412-830C-8353C691F3C0}.Release|Any CPU.ActiveCfg = Release|Any CPU
		{AB936B83-5699-4412-830C-8353C691F3C0}.Release|Any CPU.Build.0 = Release|Any CPU
		{AB936B83-5699-4412-830C-8353C691F3C0}.Release|x64.ActiveCfg = Release|x64
		{AB936B83-5699-4412-830C-8353C691F3C0}.Release|x64.Build.0 = Release|x64
		{552CCDB7-BA4A-44AB-ADCD-A96951B5767A}.Debug|Any CPU.ActiveCfg = Debug|Any CPU
		{552CCDB7-BA4A-44AB-ADCD-A96951B5767A}.Debug|Any CPU.Build.0 = Debug|Any CPU
		{552CCDB7-BA4A-44AB-ADCD-A96951B5767A}.Debug|x64.ActiveCfg = Debug|x64
		{552CCDB7-BA4A-44AB-ADCD-A96951B5767A}.Debug|x64.Build.0 = Debug|x64
		{552CCDB7-BA4A-44AB-ADCD-A96951B5767A}.Release|Any CPU.ActiveCfg = Release|Any CPU
		{552CCDB7-BA4A-44AB-ADCD-A96951B5767A}.Release|Any CPU.Build.0 = Release|Any CPU
		{552CCDB7-BA4A-44AB-ADCD-A96951B5767A}.Release|x64.ActiveCfg = Release|x64
		{552CCDB7-BA4A-44AB-ADCD-A96951B5767A}.Release|x64.Build.0 = Release|x64
		{0D0B90E8-9F63-4FE7-A3BD-14D2C868DB7B}.Debug|Any CPU.ActiveCfg = Debug|Any CPU
		{0D0B90E8-9F63-4FE7-A3BD-14D2C868DB7B}.Debug|Any CPU.Build.0 = Debug|Any CPU
		{0D0B90E8-9F63-4FE7-A3BD-14D2C868DB7B}.Debug|x64.ActiveCfg = Debug|x64
		{0D0B90E8-9F63-4FE7-A3BD-14D2C868DB7B}.Debug|x64.Build.0 = Debug|x64
		{0D0B90E8-9F63-4FE7-A3BD-14D2C868DB7B}.Release|Any CPU.ActiveCfg = Release|Any CPU
		{0D0B90E8-9F63-4FE7-A3BD-14D2C868DB7B}.Release|Any CPU.Build.0 = Release|Any CPU
		{0D0B90E8-9F63-4FE7-A3BD-14D2C868DB7B}.Release|x64.ActiveCfg = Release|x64
		{0D0B90E8-9F63-4FE7-A3BD-14D2C868DB7B}.Release|x64.Build.0 = Release|x64
		{CA073BA6-2F99-4C7E-82A8-5A52D274BDF3}.Debug|Any CPU.ActiveCfg = Debug|Any CPU
		{CA073BA6-2F99-4C7E-82A8-5A52D274BDF3}.Debug|Any CPU.Build.0 = Debug|Any CPU
		{CA073BA6-2F99-4C7E-82A8-5A52D274BDF3}.Debug|x64.ActiveCfg = Debug|x64
		{CA073BA6-2F99-4C7E-82A8-5A52D274BDF3}.Debug|x64.Build.0 = Debug|x64
		{CA073BA6-2F99-4C7E-82A8-5A52D274BDF3}.Release|Any CPU.ActiveCfg = Release|Any CPU
		{CA073BA6-2F99-4C7E-82A8-5A52D274BDF3}.Release|Any CPU.Build.0 = Release|Any CPU
		{CA073BA6-2F99-4C7E-82A8-5A52D274BDF3}.Release|x64.ActiveCfg = Release|x64
		{CA073BA6-2F99-4C7E-82A8-5A52D274BDF3}.Release|x64.Build.0 = Release|x64
	EndGlobalSection
	GlobalSection(SolutionProperties) = preSolution
		HideSolutionNode = FALSE
	EndGlobalSection
	GlobalSection(NestedProjects) = preSolution
		{3B88F57E-4C6D-49E4-8D8E-71BC81EA95DA} = {0D786350-D0C4-4F5A-ABC2-F6297B25E1F7}
		{238E1DCB-2AA1-4233-8B90-53E43F6B6C27} = {0D786350-D0C4-4F5A-ABC2-F6297B25E1F7}
		{E10A54A2-08D1-435A-9B2E-F828A6A55662} = {0D786350-D0C4-4F5A-ABC2-F6297B25E1F7}
		{D4C8E902-3493-4D47-B2AE-26A6911F9517} = {0D786350-D0C4-4F5A-ABC2-F6297B25E1F7}
		{00539EEB-CACE-4335-A0BA-7EED6EC088B6} = {0D786350-D0C4-4F5A-ABC2-F6297B25E1F7}
		{306C45CD-7A5F-4EBD-BE4B-8BE5DEDDAEA5} = {0D786350-D0C4-4F5A-ABC2-F6297B25E1F7}
		{B5DCF730-7238-4841-8BF1-1E24CB226728} = {0FC737B6-E3F2-42C7-9011-9EA9680E5061}
		{123ACA74-C087-4806-8E69-0F867B7FDD75} = {0FC737B6-E3F2-42C7-9011-9EA9680E5061}
		{321F566B-48CF-4745-9ECF-0262397B8EC5} = {0FC737B6-E3F2-42C7-9011-9EA9680E5061}
		{C1042840-8833-473B-A4FD-162A68B04D74} = {0FC737B6-E3F2-42C7-9011-9EA9680E5061}
		{11039298-B9BF-4B94-86BB-C6AA6AC8469F} = {0D786350-D0C4-4F5A-ABC2-F6297B25E1F7}
		{1E9E18D7-FF2B-4BF1-A0CF-45E6A655054E} = {0FC737B6-E3F2-42C7-9011-9EA9680E5061}
		{A67C29C1-FE18-42BD-94C2-A09420FEE84D} = {0FC737B6-E3F2-42C7-9011-9EA9680E5061}
		{B0AB720E-081D-4F60-9543-336B6246AB43} = {03541AB9-1218-41A8-B7F6-DC40984DFA7C}
		{2C6F4169-0E8E-4CDF-AEB7-3A0A1C0EC0EE} = {0FC737B6-E3F2-42C7-9011-9EA9680E5061}
		{307BE989-C789-403D-A7E5-FBAB3198DE4F} = {03541AB9-1218-41A8-B7F6-DC40984DFA7C}
		{02F972CC-379A-42D1-9768-F41C7F67D67E} = {03541AB9-1218-41A8-B7F6-DC40984DFA7C}
		{1A879972-B889-4F64-A88E-EF14C1B63DDC} = {00539EEB-CACE-4335-A0BA-7EED6EC088B6}
		{8CCB549C-60EB-422A-ABD8-0A37B3072EEB} = {00539EEB-CACE-4335-A0BA-7EED6EC088B6}
		{09AFDA37-D901-47B2-A19F-C8BF894E1338} = {00539EEB-CACE-4335-A0BA-7EED6EC088B6}
		{AB936B83-5699-4412-830C-8353C691F3C0} = {00539EEB-CACE-4335-A0BA-7EED6EC088B6}
		{552CCDB7-BA4A-44AB-ADCD-A96951B5767A} = {0FC737B6-E3F2-42C7-9011-9EA9680E5061}
		{0D0B90E8-9F63-4FE7-A3BD-14D2C868DB7B} = {00539EEB-CACE-4335-A0BA-7EED6EC088B6}
		{CA073BA6-2F99-4C7E-82A8-5A52D274BDF3} = {0FC737B6-E3F2-42C7-9011-9EA9680E5061}
	EndGlobalSection
	GlobalSection(ExtensibilityGlobals) = postSolution
		SolutionGuid = {EF372732-087C-472B-A797-123B7A1B7C34}
	EndGlobalSection
EndGlobal
